// !$*UTF8*$!
{
	archiveVersion = 1;
	classes = {
	};
	objectVersion = 46;
	objects = {

/* Begin PBXBuildFile section */
		F47AF5DB1C6388A200C912DA /* main.m in Sources */ = {isa = PBXBuildFile; fileRef = F47AF5DA1C6388A200C912DA /* main.m */; };
		F47AF5DE1C6388A200C912DA /* AppDelegate.m in Sources */ = {isa = PBXBuildFile; fileRef = F47AF5DD1C6388A200C912DA /* AppDelegate.m */; };
		F47AF5E11C6388A200C912DA /* ViewController.m in Sources */ = {isa = PBXBuildFile; fileRef = F47AF5E01C6388A200C912DA /* ViewController.m */; };
		F47AF5E41C6388A200C912DA /* Main.storyboard in Resources */ = {isa = PBXBuildFile; fileRef = F47AF5E21C6388A200C912DA /* Main.storyboard */; };
		F47AF5E61C6388A200C912DA /* Assets.xcassets in Resources */ = {isa = PBXBuildFile; fileRef = F47AF5E51C6388A200C912DA /* Assets.xcassets */; };
		F47AF5E91C6388A200C912DA /* LaunchScreen.storyboard in Resources */ = {isa = PBXBuildFile; fileRef = F47AF5E71C6388A200C912DA /* LaunchScreen.storyboard */; };
/* End PBXBuildFile section */

/* Begin PBXFileReference section */
		F47AF5D61C6388A200C912DA /* PredefinedTextViewDelegate.app */ = {isa = PBXFileReference; explicitFileType = wrapper.application; includeInIndex = 0; path = PredefinedTextViewDelegate.app; sourceTree = BUILT_PRODUCTS_DIR; };
		F47AF5DA1C6388A200C912DA /* main.m */ = {isa = PBXFileReference; lastKnownFileType = sourcecode.c.objc; path = main.m; sourceTree = "<group>"; };
		F47AF5DC1C6388A200C912DA /* AppDelegate.h */ = {isa = PBXFileReference; lastKnownFileType = sourcecode.c.h; path = AppDelegate.h; sourceTree = "<group>"; };
		F47AF5DD1C6388A200C912DA /* AppDelegate.m */ = {isa = PBXFileReference; lastKnownFileType = sourcecode.c.objc; path = AppDelegate.m; sourceTree = "<group>"; };
		F47AF5DF1C6388A200C912DA /* ViewController.h */ = {isa = PBXFileReference; lastKnownFileType = sourcecode.c.h; path = ViewController.h; sourceTree = "<group>"; };
		F47AF5E01C6388A200C912DA /* ViewController.m */ = {isa = PBXFileReference; lastKnownFileType = sourcecode.c.objc; path = ViewController.m; sourceTree = "<group>"; };
		F47AF5E31C6388A200C912DA /* Base */ = {isa = PBXFileReference; lastKnownFileType = file.storyboard; name = Base; path = Base.lproj/Main.storyboard; sourceTree = "<group>"; };
		F47AF5E51C6388A200C912DA /* Assets.xcassets */ = {isa = PBXFileReference; lastKnownFileType = folder.assetcatalog; path = Assets.xcassets; sourceTree = "<group>"; };
		F47AF5E81C6388A200C912DA /* Base */ = {isa = PBXFileReference; lastKnownFileType = file.storyboard; name = Base; path = Base.lproj/LaunchScreen.storyboard; sourceTree = "<group>"; };
		F47AF5EA1C6388A200C912DA /* Info.plist */ = {isa = PBXFileReference; lastKnownFileType = text.plist.xml; path = Info.plist; sourceTree = "<group>"; };
/* End PBXFileReference section */

/* Begin PBXFrameworksBuildPhase section */
		F47AF5D31C6388A200C912DA /* Frameworks */ = {
			isa = PBXFrameworksBuildPhase;
			buildActionMask = 2147483647;
			files = (
			);
			runOnlyForDeploymentPostprocessing = 0;
		};
/* End PBXFrameworksBuildPhase section */

/* Begin PBXGroup section */
		F47AF5CD1C6388A200C912DA = {
			isa = PBXGroup;
			children = (
				F47AF5D81C6388A200C912DA /* PredefinedTextViewDelegate */,
				F47AF5D71C6388A200C912DA /* Products */,
			);
			sourceTree = "<group>";
		};
		F47AF5D71C6388A200C912DA /* Products */ = {
			isa = PBXGroup;
			children = (
				F47AF5D61C6388A200C912DA /* PredefinedTextViewDelegate.app */,
			);
			name = Products;
			sourceTree = "<group>";
		};
		F47AF5D81C6388A200C912DA /* PredefinedTextViewDelegate */ = {
			isa = PBXGroup;
			children = (
				F47AF5DC1C6388A200C912DA /* AppDelegate.h */,
				F47AF5DD1C6388A200C912DA /* AppDelegate.m */,
				F47AF5DF1C6388A200C912DA /* ViewController.h */,
				F47AF5E01C6388A200C912DA /* ViewController.m */,
				F47AF5E21C6388A200C912DA /* Main.storyboard */,
				F47AF5E51C6388A200C912DA /* Assets.xcassets */,
				F47AF5E71C6388A200C912DA /* LaunchScreen.storyboard */,
				F47AF5EA1C6388A200C912DA /* Info.plist */,
				F47AF5D91C6388A200C912DA /* Supporting Files */,
			);
			path = PredefinedTextViewDelegate;
			sourceTree = "<group>";
		};
		F47AF5D91C6388A200C912DA /* Supporting Files */ = {
			isa = PBXGroup;
			children = (
				F47AF5DA1C6388A200C912DA /* main.m */,
			);
			name = "Supporting Files";
			sourceTree = "<group>";
		};
/* End PBXGroup section */

/* Begin PBXNativeTarget section */
		F47AF5D51C6388A200C912DA /* PredefinedTextViewDelegate */ = {
			isa = PBXNativeTarget;
			buildConfigurationList = F47AF5ED1C6388A200C912DA /* Build configuration list for PBXNativeTarget "PredefinedTextViewDelegate" */;
			buildPhases = (
				F47AF5D21C6388A200C912DA /* Sources */,
				F47AF5D31C6388A200C912DA /* Frameworks */,
				F47AF5D41C6388A200C912DA /* Resources */,
			);
			buildRules = (
			);
			dependencies = (
			);
			name = PredefinedTextViewDelegate;
			productName = PredefinedTextViewDelegate;
			productReference = F47AF5D61C6388A200C912DA /* PredefinedTextViewDelegate.app */;
			productType = "com.apple.product-type.application";
		};
/* End PBXNativeTarget section */

/* Begin PBXProject section */
		F47AF5CE1C6388A200C912DA /* Project object */ = {
			isa = PBXProject;
			attributes = {
				LastUpgradeCheck = 0720;
				ORGANIZATIONNAME = ppam;
				TargetAttributes = {
					F47AF5D51C6388A200C912DA = {
						CreatedOnToolsVersion = 7.2;
					};
				};
			};
			buildConfigurationList = F47AF5D11C6388A200C912DA /* Build configuration list for PBXProject "PredefinedTextViewDelegate" */;
			compatibilityVersion = "Xcode 3.2";
			developmentRegion = English;
			hasScannedForEncodings = 0;
			knownRegions = (
				en,
				Base,
			);
			mainGroup = F47AF5CD1C6388A200C912DA;
			productRefGroup = F47AF5D71C6388A200C912DA /* Products */;
			projectDirPath = "";
			projectRoot = "";
			targets = (
				F47AF5D51C6388A200C912DA /* PredefinedTextViewDelegate */,
			);
		};
/* End PBXProject section */

/* Begin PBXResourcesBuildPhase section */
		F47AF5D41C6388A200C912DA /* Resources */ = {
			isa = PBXResourcesBuildPhase;
			buildActionMask = 2147483647;
			files = (
				F47AF5E91C6388A200C912DA /* LaunchScreen.storyboard in Resources */,
				F47AF5E61C6388A200C912DA /* Assets.xcassets in Resources */,
				F47AF5E41C6388A200C912DA /* Main.storyboard in Resources */,
			);
			runOnlyForDeploymentPostprocessing = 0;
		};
/* End PBXResourcesBuildPhase section */

/* Begin PBXSourcesBuildPhase section */
		F47AF5D21C6388A200C912DA /* Sources */ = {
			isa = PBXSourcesBuildPhase;
			buildActionMask = 2147483647;
			files = (
				F47AF5E11C6388A200C912DA /* ViewController.m in Sources */,
				F47AF5DE1C6388A200C912DA /* AppDelegate.m in Sources */,
				F47AF5DB1C6388A200C912DA /* main.m in Sources */,
			);
			runOnlyForDeploymentPostprocessing = 0;
		};
/* End PBXSourcesBuildPhase section */

/* Begin PBXVariantGroup section */
		F47AF5E21C6388A200C912DA /* Main.storyboard */ = {
			isa = PBXVariantGroup;
			children = (
				F47AF5E31C6388A200C912DA /* Base */,
			);
			name = Main.storyboard;
			sourceTree = "<group>";
		};
		F47AF5E71C6388A200C912DA /* LaunchScreen.storyboard */ = {
			isa = PBXVariantGroup;
			children = (
				F47AF5E81C6388A200C912DA /* Base */,
			);
			name = LaunchScreen.storyboard;
			sourceTree = "<group>";
		};
/* End PBXVariantGroup section */

/* Begin XCBuildConfiguration section */
		F47AF5EB1C6388A200C912DA /* Debug */ = {
			isa = XCBuildConfiguration;
			buildSettings = {
				ALWAYS_SEARCH_USER_PATHS = NO;
				CLANG_CXX_LANGUAGE_STANDARD = "gnu++0x";
				CLANG_CXX_LIBRARY = "libc++";
				CLANG_ENABLE_MODULES = YES;
				CLANG_ENABLE_OBJC_ARC = YES;
				CLANG_WARN_BOOL_CONVERSION = YES;
				CLANG_WARN_CONSTANT_CONVERSION = YES;
				CLANG_WARN_DIRECT_OBJC_ISA_USAGE = YES_ERROR;
				CLANG_WARN_EMPTY_BODY = YES;
				CLANG_WARN_ENUM_CONVERSION = YES;
				CLANG_WARN_INT_CONVERSION = YES;
				CLANG_WARN_OBJC_ROOT_CLASS = YES_ERROR;
				CLANG_WARN_UNREACHABLE_CODE = YES;
				CLANG_WARN__DUPLICATE_METHOD_MATCH = YES;
				"CODE_SIGN_IDENTITY[sdk=iphoneos*]" = "iPhone Developer";
				COPY_PHASE_STRIP = NO;
				DEBUG_INFORMATION_FORMAT = dwarf;
				ENABLE_STRICT_OBJC_MSGSEND = YES;
				ENABLE_TESTABILITY = YES;
				GCC_C_LANGUAGE_STANDARD = gnu99;
				GCC_DYNAMIC_NO_PIC = NO;
				GCC_NO_COMMON_BLOCKS = YES;
				GCC_OPTIMIZATION_LEVEL = 0;
				GCC_PREPROCESSOR_DEFINITIONS = (
					"DEBUG=1",
					"$(inherited)",
				);
				GCC_WARN_64_TO_32_BIT_CONVERSION = YES;
				GCC_WARN_ABOUT_RETURN_TYPE = YES_ERROR;
				GCC_WARN_UNDECLARED_SELECTOR = YES;
				GCC_WARN_UNINITIALIZED_AUTOS = YES_AGGRESSIVE;
				GCC_WARN_UNUSED_FUNCTION = YES;
				GCC_WARN_UNUSED_VARIABLE = YES;
				IPHONEOS_DEPLOYMENT_TARGET = 9.2;
				MTL_ENABLE_DEBUG_INFO = YES;
				ONLY_ACTIVE_ARCH = YES;
				SDKROOT = iphoneos;
				TARGETED_DEVICE_FAMILY = "1,2";
			};
			name = Debug;
		};
		F47AF5EC1C6388A200C912DA /* Release */ = {
			isa = XCBuildConfiguration;
			buildSettings = {
				ALWAYS_SEARCH_USER_PATHS = NO;
				CLANG_CXX_LANGUAGE_STANDARD = "gnu++0x";
				CLANG_CXX_LIBRARY = "libc++";
				CLANG_ENABLE_MODULES = YES;
				CLANG_ENABLE_OBJC_ARC = YES;
				CLANG_WARN_BOOL_CONVERSION = YES;
				CLANG_WARN_CONSTANT_CONVERSION = YES;
				CLANG_WARN_DIRECT_OBJC_ISA_USAGE = YES_ERROR;
				CLANG_WARN_EMPTY_BODY = YES;
				CLANG_WARN_ENUM_CONVERSION = YES;
				CLANG_WARN_INT_CONVERSION = YES;
				CLANG_WARN_OBJC_ROOT_CLASS = YES_ERROR;
				CLANG_WARN_UNREACHABLE_CODE = YES;
				CLANG_WARN__DUPLICATE_METHOD_MATCH = YES;
				"CODE_SIGN_IDENTITY[sdk=iphoneos*]" = "iPhone Developer";
				COPY_PHASE_STRIP = NO;
				DEBUG_INFORMATION_FORMAT = "dwarf-with-dsym";
				ENABLE_NS_ASSERTIONS = NO;
				ENABLE_STRICT_OBJC_MSGSEND = YES;
				GCC_C_LANGUAGE_STANDARD = gnu99;
				GCC_NO_COMMON_BLOCKS = YES;
				GCC_WARN_64_TO_32_BIT_CONVERSION = YES;
				GCC_WARN_ABOUT_RETURN_TYPE = YES_ERROR;
				GCC_WARN_UNDECLARED_SELECTOR = YES;
				GCC_WARN_UNINITIALIZED_AUTOS = YES_AGGRESSIVE;
				GCC_WARN_UNUSED_FUNCTION = YES;
				GCC_WARN_UNUSED_VARIABLE = YES;
				IPHONEOS_DEPLOYMENT_TARGET = 9.2;
				MTL_ENABLE_DEBUG_INFO = NO;
				SDKROOT = iphoneos;
				TARGETED_DEVICE_FAMILY = "1,2";
				VALIDATE_PRODUCT = YES;
			};
			name = Release;
		};
		F47AF5EE1C6388A200C912DA /* Debug */ = {
			isa = XCBuildConfiguration;
			buildSettings = {
				ASSETCATALOG_COMPILER_APPICON_NAME = AppIcon;
				INFOPLIST_FILE = PredefinedTextViewDelegate/Info.plist;
				LD_RUNPATH_SEARCH_PATHS = "$(inherited) @executable_path/Frameworks";
				PRODUCT_BUNDLE_IDENTIFIER = com.ppam.con.PredefinedTextViewDelegate;
				PRODUCT_NAME = "$(TARGET_NAME)";
			};
			name = Debug;
		};
		F47AF5EF1C6388A200C912DA /* Release */ = {
			isa = XCBuildConfiguration;
			buildSettings = {
				ASSETCATALOG_COMPILER_APPICON_NAME = AppIcon;
				INFOPLIST_FILE = PredefinedTextViewDelegate/Info.plist;
				LD_RUNPATH_SEARCH_PATHS = "$(inherited) @executable_path/Frameworks";
				PRODUCT_BUNDLE_IDENTIFIER = com.ppam.con.PredefinedTextViewDelegate;
				PRODUCT_NAME = "$(TARGET_NAME)";
			};
			name = Release;
		};
/* End XCBuildConfiguration section */

/* Begin XCConfigurationList section */
		F47AF5D11C6388A200C912DA /* Build configuration list for PBXProject "PredefinedTextViewDelegate" */ = {
			isa = XCConfigurationList;
			buildConfigurations = (
				F47AF5EB1C6388A200C912DA /* Debug */,
				F47AF5EC1C6388A200C912DA /* Release */,
			);
			defaultConfigurationIsVisible = 0;
			defaultConfigurationName = Release;
		};
		F47AF5ED1C6388A200C912DA /* Build configuration list for PBXNativeTarget "PredefinedTextViewDelegate" */ = {
			isa = XCConfigurationList;
			buildConfigurations = (
				F47AF5EE1C6388A200C912DA /* Debug */,
				F47AF5EF1C6388A200C912DA /* Release */,
			);
			defaultConfigurationIsVisible = 0;
		};
/* End XCConfigurationList section */
	};
	rootObject = F47AF5CE1C6388A200C912DA /* Project object */;
}
